{
  "version": 4,
  "terraform_version": "1.6.3",
  "serial": 3,
  "lineage": "4ce66861-f40a-3668-0064-0c8129322079",
  "outputs": {},
  "resources": [
    {
      "mode": "managed",
      "type": "local_file",
      "name": "abc",
      "provider": "provider[\"registry.terraform.io/hashicorp/local\"]",
      "instances": [
        {
          "schema_version": 0,
          "attributes": {
            "content": "abc!",
            "content_base64": null,
            "content_base64sha256": "U+Dv8yBGJvPiVspjZXLXzN+OtaGQyd76P6VnvGOGa3Y=",
            "content_base64sha512": "J873Ugx5HyDEnYsjdX8iMBjn4I3gft82udsl3lNeWEoqwmNE3mvUZNNz4QRqQ3iaT5SW1y9p3e1Xn2txEBapKg==",
            "content_md5": "4edb03f55c86d5e0a76f5627fa506bbf",
            "content_sha1": "5678fb68a642f3c6c8004c1bdc21e7142087287b",
            "content_sha256": "53e0eff3204626f3e256ca636572d7ccdf8eb5a190c9defa3fa567bc63866b76",
            "content_sha512": "27cef7520c791f20c49d8b23757f223018e7e08de07edf36b9db25de535e584a2ac26344de6bd464d373e1046a43789a4f9496d72f69dded579f6b711016a92a",
            "directory_permission": "0777",
            "file_permission": "0777",
            "filename": "./abc.txt",
            "id": "5678fb68a642f3c6c8004c1bdc21e7142087287b",
            "sensitive_content": null,
            "source": null
          },
          "sensitive_attributes": []
        }
      ]
    },
    {
      "mode": "managed",
      "type": "local_file",
      "name": "xyz",
      "provider": "provider[\"registry.terraform.io/hashicorp/local\"]",
      "instances": [
        {
          "schema_version": 0,
          "attributes": {
            "content": "xyz!",
            "content_base64": null,
            "content_base64sha256": "9nSxeXMruMPzxoTEgAZ0MYsHTJ6qKOjhqPu9balWQ0Q=",
            "content_base64sha512": "YYvlX4PW+0l/1b5xBwLohHcat+dCGfKFSCEJ+4BUW3O0jinSSjUVs3AtqlR1KfvmxDsJeLy5QYxxoTT9GN6TEw==",
            "content_md5": "e70943389ee26f7115c6e4a87a5523b2",
            "content_sha1": "43994ded7c7660b1e5eb77c23382a39c61ab809e",
            "content_sha256": "f674b179732bb8c3f3c684c4800674318b074c9eaa28e8e1a8fbbd6da9564344",
            "content_sha512": "618be55f83d6fb497fd5be710702e884771ab7e74219f285482109fb80545b73b48e29d24a3515b3702daa547529fbe6c43b0978bcb9418c71a134fd18de9313",
            "directory_permission": "0777",
            "file_permission": "0777",
            "filename": "./xyz.txt",
            "id": "43994ded7c7660b1e5eb77c23382a39c61ab809e",
            "sensitive_content": null,
            "source": null
          },
          "sensitive_attributes": []
        }
      ]
    }
  ],
  "check_results": null
}
